
Microsoft Visual Studio Solution File, Format Version 12.00
# Visual Studio Version 17
VisualStudioVersion = 17.13.35931.197
MinimumVisualStudioVersion = 10.0.40219.1
Project("{FAE04EC0-301F-11D3-BF4B-00C04F79EFBC}") = "RestaurantMVC", "RestaurantMVC\RestaurantMVC.csproj", "{0B58288F-0409-422F-BB76-59E3D8E12743}"
EndProject
Project("{FAE04EC0-301F-11D3-BF4B-00C04F79EFBC}") = "Domain", "Domain\Domain.csproj", "{C00907B4-D976-46D1-95E2-E455384B6701}"
EndProject
Project("{FAE04EC0-301F-11D3-BF4B-00C04F79EFBC}") = "DataAccess", "DataAccess\DataAccess.csproj", "{BBC769D0-4915-4C5F-9894-8D6B3CE06A94}"
EndProject
Global
	GlobalSection(SolutionConfigurationPlatforms) = preSolution
		Debug|Any CPU = Debug|Any CPU
		Release|Any CPU = Release|Any CPU
	EndGlobalSection
	GlobalSection(ProjectConfigurationPlatforms) = postSolution
		{0B58288F-0409-422F-BB76-59E3D8E12743}.Debug|Any CPU.ActiveCfg = Debug|Any CPU
		{0B58288F-0409-422F-BB76-59E3D8E12743}.Debug|Any CPU.Build.0 = Debug|Any CPU
		{0B58288F-0409-422F-BB76-59E3D8E12743}.Release|Any CPU.ActiveCfg = Release|Any CPU
		{0B58288F-0409-422F-BB76-59E3D8E12743}.Release|Any CPU.Build.0 = Release|Any CPU
		{C00907B4-D976-46D1-95E2-E455384B6701}.Debug|Any CPU.ActiveCfg = Debug|Any CPU
		{C00907B4-D976-46D1-95E2-E455384B6701}.Debug|Any CPU.Build.0 = Debug|Any CPU
		{C00907B4-D976-46D1-95E2-E455384B6701}.Release|Any CPU.ActiveCfg = Release|Any CPU
		{C00907B4-D976-46D1-95E2-E455384B6701}.Release|Any CPU.Build.0 = Release|Any CPU
		{BBC769D0-4915-4C5F-9894-8D6B3CE06A94}.Debug|Any CPU.ActiveCfg = Debug|Any CPU
		{BBC769D0-4915-4C5F-9894-8D6B3CE06A94}.Debug|Any CPU.Build.0 = Debug|Any CPU
		{BBC769D0-4915-4C5F-9894-8D6B3CE06A94}.Release|Any CPU.ActiveCfg = Release|Any CPU
		{BBC769D0-4915-4C5F-9894-8D6B3CE06A94}.Release|Any CPU.Build.0 = Release|Any CPU
	EndGlobalSection
	GlobalSection(SolutionProperties) = preSolution
		HideSolutionNode = FALSE
	EndGlobalSection
	GlobalSection(ExtensibilityGlobals) = postSolution
		SolutionGuid = {6C3873A8-BA6B-4739-A2FC-802AAE3B4B64}
	EndGlobalSection
EndGlobal
